
Microsoft Visual Studio Solution File, Format Version 12.00
# Visual Studio Version 17
VisualStudioVersion = 17.6.33829.357
MinimumVisualStudioVersion = 10.0.40219.1
Project("{FAE04EC0-301F-11D3-BF4B-00C04F79EFBC}") = "API", "API\API.csproj", "{B7594586-5306-4755-B516-71CEA76964E0}"
EndProject
Project("{2150E333-8FDC-42A3-9474-1A3956D46DE8}") = "Solution Items", "Solution Items", "{034AA67F-3392-44A4-B2FF-7C42D4FA84CF}"
	ProjectSection(SolutionItems) = preProject
		README.md = README.md
	EndProjectSection
EndProject
Global
	GlobalSection(SolutionConfigurationPlatforms) = preSolution
		Debug|Any CPU = Debug|Any CPU
		Release|Any CPU = Release|Any CPU
	EndGlobalSection
	GlobalSection(ProjectConfigurationPlatforms) = postSolution
		{B7594586-5306-4755-B516-71CEA76964E0}.Debug|Any CPU.ActiveCfg = Debug|Any CPU
		{B7594586-5306-4755-B516-71CEA76964E0}.Debug|Any CPU.Build.0 = Debug|Any CPU
		{B7594586-5306-4755-B516-71CEA76964E0}.Release|Any CPU.ActiveCfg = Release|Any CPU
		{B7594586-5306-4755-B516-71CEA76964E0}.Release|Any CPU.Build.0 = Release|Any CPU
	EndGlobalSection
	GlobalSection(SolutionProperties) = preSolution
		HideSolutionNode = FALSE
	EndGlobalSection
	GlobalSection(ExtensibilityGlobals) = postSolution
		SolutionGuid = {D38FE1B5-73A7-4920-B3DD-D30929321FD8}
	EndGlobalSection
EndGlobal
